{
    "_readme": [
        "This file locks the dependencies of your project to a known state",
        "Read more about it at https://getcomposer.org/doc/01-basic-usage.md#installing-dependencies",
        "This file is @generated automatically"
    ],
    "content-hash": "195cf311cd7e7e7cc3f6ce34a73b344a",
    "packages": [
        {
            "name": "wptrt/customize-section-button",
            "version": "1.0.1",
            "source": {
                "type": "git",
                "url": "https://github.com/WPTRT/customize-section-button.git",
                "reference": "510c956c1142f712cda3041fc2d02d316228f031"
            },
            "dist": {
                "type": "zip",
                "url": "https://api.github.com/repos/WPTRT/customize-section-button/zipball/510c956c1142f712cda3041fc2d02d316228f031",
                "reference": "510c956c1142f712cda3041fc2d02d316228f031",
                "shasum": ""
            },
            "require": {
                "php": ">=5.6"
            },
            "type": "library",
            "autoload": {
                "psr-4": {
                    "WPTRT\\Customize\\Section\\": "src/"
                }
            },
            "notification-url": "https://packagist.org/downloads/",
            "license": [
                "GPL-2.0-or-later"
            ],
            "authors": [
                {
                    "name": "WordPress.org Theme Review Team",
                    "email": "themes@wordpress.org",
                    "homepage": "https://make.wordpress.org/themes",
                    "role": "Developer"
                }
            ],
            "description": "A button section for the WordPress customizer.",
            "homepage": "https://github.com/WPTRT/customize-section-button",
            "keywords": [
                "wordpress"
            ],
            "time": "2019-07-01T16:39:26+00:00"
        }
    ],
    "packages-dev": [],
    "aliases": [],
    "minimum-stability": "stable",
    "stability-flags": [],
    "prefer-stable": false,
    "prefer-lowest": false,
    "platform": [],
    "platform-dev": []
}
